
Microsoft Visual Studio Solution File, Format Version 12.00
# Visual Studio Version 17
VisualStudioVersion = 17.8.34330.188
MinimumVisualStudioVersion = 10.0.40219.1
Project("{FAE04EC0-301F-11D3-BF4B-00C04F79EFBC}") = "Lab2", "Lab2.csproj", "{89C96DE1-D586-4C0C-8BDD-D32F545E3C42}"
EndProject
Global
	GlobalSection(SolutionConfigurationPlatforms) = preSolution
		Debug|Any CPU = Debug|Any CPU
		Release|Any CPU = Release|Any CPU
	EndGlobalSection
	GlobalSection(ProjectConfigurationPlatforms) = postSolution
		{89C96DE1-D586-4C0C-8BDD-D32F545E3C42}.Debug|Any CPU.ActiveCfg = Debug|Any CPU
		{89C96DE1-D586-4C0C-8BDD-D32F545E3C42}.Debug|Any CPU.Build.0 = Debug|Any CPU
		{89C96DE1-D586-4C0C-8BDD-D32F545E3C42}.Release|Any CPU.ActiveCfg = Release|Any CPU
		{89C96DE1-D586-4C0C-8BDD-D32F545E3C42}.Release|Any CPU.Build.0 = Release|Any CPU
	EndGlobalSection
	GlobalSection(SolutionProperties) = preSolution
		HideSolutionNode = FALSE
	EndGlobalSection
	GlobalSection(ExtensibilityGlobals) = postSolution
		SolutionGuid = {F196CD63-6159-4AB1-AC0B-2260F89A6A89}
	EndGlobalSection
EndGlobal
